
Microsoft Visual Studio Solution File, Format Version 12.00
# Visual Studio Version 17
VisualStudioVersion = 17.14.36518.9
MinimumVisualStudioVersion = 10.0.40219.1
Project("{FAE04EC0-301F-11D3-BF4B-00C04F79EFBC}") = "Pariwisata Apps", "Pariwisata Apps.csproj", "{DCAE0776-7DAC-41D5-BA01-1A62C71BFF1F}"
EndProject
Global
	GlobalSection(SolutionConfigurationPlatforms) = preSolution
		Debug|Any CPU = Debug|Any CPU
		Release|Any CPU = Release|Any CPU
	EndGlobalSection
	GlobalSection(ProjectConfigurationPlatforms) = postSolution
		{DCAE0776-7DAC-41D5-BA01-1A62C71BFF1F}.Debug|Any CPU.ActiveCfg = Debug|Any CPU
		{DCAE0776-7DAC-41D5-BA01-1A62C71BFF1F}.Debug|Any CPU.Build.0 = Debug|Any CPU
		{DCAE0776-7DAC-41D5-BA01-1A62C71BFF1F}.Release|Any CPU.ActiveCfg = Release|Any CPU
		{DCAE0776-7DAC-41D5-BA01-1A62C71BFF1F}.Release|Any CPU.Build.0 = Release|Any CPU
	EndGlobalSection
	GlobalSection(SolutionProperties) = preSolution
		HideSolutionNode = FALSE
	EndGlobalSection
	GlobalSection(ExtensibilityGlobals) = postSolution
		SolutionGuid = {01852A51-82D4-4F2E-B28E-2AE04E92C7E5}
	EndGlobalSection
EndGlobal
